// !$*UTF8*$!
{
	archiveVersion = 1;
	classes = {
	};
	objectVersion = 46;
	objects = {

/* Begin PBXBuildFile section */
		BCE2EACA1B10213E00384F45 /* CoreLocation.framework in Frameworks */ = {isa = PBXBuildFile; fileRef = BCE2EAC91B10213E00384F45 /* CoreLocation.framework */; };
		BCE2EACC1B10692200384F45 /* MyAnnotation.swift in Sources */ = {isa = PBXBuildFile; fileRef = BCE2EACB1B10692200384F45 /* MyAnnotation.swift */; };
		BCE4338B1B0F85320018027E /* MapKit.framework in Frameworks */ = {isa = PBXBuildFile; fileRef = BCE4338A1B0F85320018027E /* MapKit.framework */; };
		BCE4338D1B0F858D0018027E /* SystemConfiguration.framework in Frameworks */ = {isa = PBXBuildFile; fileRef = BCE4338C1B0F858D0018027E /* SystemConfiguration.framework */; };
		BCE4338F1B0F867F0018027E /* IJReachability.swift in Sources */ = {isa = PBXBuildFile; fileRef = BCE4338E1B0F867F0018027E /* IJReachability.swift */; };
		BCEBC1A51B0DCC0B0040F0E3 /* AppDelegate.swift in Sources */ = {isa = PBXBuildFile; fileRef = BCEBC1A41B0DCC0B0040F0E3 /* AppDelegate.swift */; };
		BCEBC1A81B0DCC0B0040F0E3 /* Am.xcdatamodeld in Sources */ = {isa = PBXBuildFile; fileRef = BCEBC1A61B0DCC0B0040F0E3 /* Am.xcdatamodeld */; };
		BCEBC1AA1B0DCC0B0040F0E3 /* ViewController.swift in Sources */ = {isa = PBXBuildFile; fileRef = BCEBC1A91B0DCC0B0040F0E3 /* ViewController.swift */; };
		BCEBC1AD1B0DCC0B0040F0E3 /* Main.storyboard in Resources */ = {isa = PBXBuildFile; fileRef = BCEBC1AB1B0DCC0B0040F0E3 /* Main.storyboard */; };
		BCEBC1AF1B0DCC0B0040F0E3 /* Images.xcassets in Resources */ = {isa = PBXBuildFile; fileRef = BCEBC1AE1B0DCC0B0040F0E3 /* Images.xcassets */; };
		BCEBC1BE1B0DCC0B0040F0E3 /* AmTests.swift in Sources */ = {isa = PBXBuildFile; fileRef = BCEBC1BD1B0DCC0B0040F0E3 /* AmTests.swift */; };
		BCEBC1DE1B0DCCAA0040F0E3 /* 1.jpg in Resources */ = {isa = PBXBuildFile; fileRef = BCEBC1C71B0DCCAA0040F0E3 /* 1.jpg */; };
		BCEBC1DF1B0DCCAA0040F0E3 /* 2.jpg in Resources */ = {isa = PBXBuildFile; fileRef = BCEBC1C81B0DCCAA0040F0E3 /* 2.jpg */; };
		BCEBC1E01B0DCCAA0040F0E3 /* 3.jpg in Resources */ = {isa = PBXBuildFile; fileRef = BCEBC1C91B0DCCAA0040F0E3 /* 3.jpg */; };
		BCEBC1E11B0DCCAA0040F0E3 /* 4.jpg in Resources */ = {isa = PBXBuildFile; fileRef = BCEBC1CA1B0DCCAA0040F0E3 /* 4.jpg */; };
		BCEBC1E21B0DCCAA0040F0E3 /* 5.jpg in Resources */ = {isa = PBXBuildFile; fileRef = BCEBC1CB1B0DCCAA0040F0E3 /* 5.jpg */; };
		BCEBC1E31B0DCCAA0040F0E3 /* 6.jpg in Resources */ = {isa = PBXBuildFile; fileRef = BCEBC1CC1B0DCCAA0040F0E3 /* 6.jpg */; };
		BCEBC1E41B0DCCAA0040F0E3 /* 7.jpg in Resources */ = {isa = PBXBuildFile; fileRef = BCEBC1CD1B0DCCAA0040F0E3 /* 7.jpg */; };
		BCEBC1E51B0DCCAA0040F0E3 /* 8.jpg in Resources */ = {isa = PBXBuildFile; fileRef = BCEBC1CE1B0DCCAA0040F0E3 /* 8.jpg */; };
		BCEBC1E61B0DCCAA0040F0E3 /* AccountCollectionController.swift in Sources */ = {isa = PBXBuildFile; fileRef = BCEBC1CF1B0DCCAA0040F0E3 /* AccountCollectionController.swift */; };
		BCEBC1E71B0DCCAA0040F0E3 /* AccountInfoController.swift in Sources */ = {isa = PBXBuildFile; fileRef = BCEBC1D01B0DCCAA0040F0E3 /* AccountInfoController.swift */; };
		BCEBC1E81B0DCCAA0040F0E3 /* AccountInfoEditController.swift in Sources */ = {isa = PBXBuildFile; fileRef = BCEBC1D11B0DCCAA0040F0E3 /* AccountInfoEditController.swift */; };
		BCEBC1E91B0DCCAA0040F0E3 /* AccountLoginViewController.swift in Sources */ = {isa = PBXBuildFile; fileRef = BCEBC1D21B0DCCAA0040F0E3 /* AccountLoginViewController.swift */; };
		BCEBC1EA1B0DCCAA0040F0E3 /* AccountPassEditController.swift in Sources */ = {isa = PBXBuildFile; fileRef = BCEBC1D31B0DCCAA0040F0E3 /* AccountPassEditController.swift */; };
		BCEBC1EB1B0DCCAA0040F0E3 /* AccountRegisterViewController.swift in Sources */ = {isa = PBXBuildFile; fileRef = BCEBC1D41B0DCCAA0040F0E3 /* AccountRegisterViewController.swift */; };
		BCEBC1EC1B0DCCAA0040F0E3 /* AccountViewController.swift in Sources */ = {isa = PBXBuildFile; fileRef = BCEBC1D51B0DCCAA0040F0E3 /* AccountViewController.swift */; };
		BCEBC1ED1B0DCCAA0040F0E3 /* BaseInfo.swift in Sources */ = {isa = PBXBuildFile; fileRef = BCEBC1D61B0DCCAA0040F0E3 /* BaseInfo.swift */; };
		BCEBC1EE1B0DCCAA0040F0E3 /* config.plist in Resources */ = {isa = PBXBuildFile; fileRef = BCEBC1D71B0DCCAA0040F0E3 /* config.plist */; };
		BCEBC1EF1B0DCCAA0040F0E3 /* MoreInfoViewController.swift in Sources */ = {isa = PBXBuildFile; fileRef = BCEBC1D81B0DCCAA0040F0E3 /* MoreInfoViewController.swift */; };
		BCEBC1F01B0DCCAA0040F0E3 /* MoreViewController.swift in Sources */ = {isa = PBXBuildFile; fileRef = BCEBC1D91B0DCCAA0040F0E3 /* MoreViewController.swift */; };
		BCEBC1F11B0DCCAA0040F0E3 /* ShopCommentController.swift in Sources */ = {isa = PBXBuildFile; fileRef = BCEBC1DA1B0DCCAA0040F0E3 /* ShopCommentController.swift */; };
		BCEBC1F21B0DCCAA0040F0E3 /* ShopInfoViewController.swift in Sources */ = {isa = PBXBuildFile; fileRef = BCEBC1DB1B0DCCAA0040F0E3 /* ShopInfoViewController.swift */; };
		BCEBC1F31B0DCCAA0040F0E3 /* ShopLocalViewController.swift in Sources */ = {isa = PBXBuildFile; fileRef = BCEBC1DC1B0DCCAA0040F0E3 /* ShopLocalViewController.swift */; };
		BCEBC1F41B0DCCAA0040F0E3 /* ShopViewController.swift in Sources */ = {isa = PBXBuildFile; fileRef = BCEBC1DD1B0DCCAA0040F0E3 /* ShopViewController.swift */; };
		BCEBC1F61B0DD0360040F0E3 /* Alamofire.framework in Frameworks */ = {isa = PBXBuildFile; fileRef = BCEBC1F51B0DD0360040F0E3 /* Alamofire.framework */; };
		BCEBC1F81B0DD0390040F0E3 /* SwiftyJSON.framework in Frameworks */ = {isa = PBXBuildFile; fileRef = BCEBC1F71B0DD0390040F0E3 /* SwiftyJSON.framework */; };
/* End PBXBuildFile section */

/* Begin PBXContainerItemProxy section */
		BCEBC1B81B0DCC0B0040F0E3 /* PBXContainerItemProxy */ = {
			isa = PBXContainerItemProxy;
			containerPortal = BCEBC1971B0DCC0B0040F0E3 /* Project object */;
			proxyType = 1;
			remoteGlobalIDString = BCEBC19E1B0DCC0B0040F0E3;
			remoteInfo = Am;
		};
/* End PBXContainerItemProxy section */

/* Begin PBXFileReference section */
		BCE2EAC91B10213E00384F45 /* CoreLocation.framework */ = {isa = PBXFileReference; lastKnownFileType = wrapper.framework; name = CoreLocation.framework; path = System/Library/Frameworks/CoreLocation.framework; sourceTree = SDKROOT; };
		BCE2EACB1B10692200384F45 /* MyAnnotation.swift */ = {isa = PBXFileReference; fileEncoding = 4; lastKnownFileType = sourcecode.swift; path = MyAnnotation.swift; sourceTree = "<group>"; };
		BCE4338A1B0F85320018027E /* MapKit.framework */ = {isa = PBXFileReference; lastKnownFileType = wrapper.framework; name = MapKit.framework; path = System/Library/Frameworks/MapKit.framework; sourceTree = SDKROOT; };
		BCE4338C1B0F858D0018027E /* SystemConfiguration.framework */ = {isa = PBXFileReference; lastKnownFileType = wrapper.framework; name = SystemConfiguration.framework; path = System/Library/Frameworks/SystemConfiguration.framework; sourceTree = SDKROOT; };
		BCE4338E1B0F867F0018027E /* IJReachability.swift */ = {isa = PBXFileReference; fileEncoding = 4; lastKnownFileType = sourcecode.swift; path = IJReachability.swift; sourceTree = "<group>"; };
		BCEBC19F1B0DCC0B0040F0E3 /* Am.app */ = {isa = PBXFileReference; explicitFileType = wrapper.application; includeInIndex = 0; path = Am.app; sourceTree = BUILT_PRODUCTS_DIR; };
		BCEBC1A31B0DCC0B0040F0E3 /* Info.plist */ = {isa = PBXFileReference; lastKnownFileType = text.plist.xml; path = Info.plist; sourceTree = "<group>"; };
		BCEBC1A41B0DCC0B0040F0E3 /* AppDelegate.swift */ = {isa = PBXFileReference; lastKnownFileType = sourcecode.swift; path = AppDelegate.swift; sourceTree = "<group>"; };
		BCEBC1A71B0DCC0B0040F0E3 /* Am.xcdatamodel */ = {isa = PBXFileReference; lastKnownFileType = wrapper.xcdatamodel; path = Am.xcdatamodel; sourceTree = "<group>"; };
		BCEBC1A91B0DCC0B0040F0E3 /* ViewController.swift */ = {isa = PBXFileReference; lastKnownFileType = sourcecode.swift; path = ViewController.swift; sourceTree = "<group>"; };
		BCEBC1AC1B0DCC0B0040F0E3 /* Base */ = {isa = PBXFileReference; lastKnownFileType = file.storyboard; name = Base; path = Base.lproj/Main.storyboard; sourceTree = "<group>"; };
		BCEBC1AE1B0DCC0B0040F0E3 /* Images.xcassets */ = {isa = PBXFileReference; lastKnownFileType = folder.assetcatalog; path = Images.xcassets; sourceTree = "<group>"; };
		BCEBC1B71B0DCC0B0040F0E3 /* AmTests.xctest */ = {isa = PBXFileReference; explicitFileType = wrapper.cfbundle; includeInIndex = 0; path = AmTests.xctest; sourceTree = BUILT_PRODUCTS_DIR; };
		BCEBC1BC1B0DCC0B0040F0E3 /* Info.plist */ = {isa = PBXFileReference; lastKnownFileType = text.plist.xml; path = Info.plist; sourceTree = "<group>"; };
		BCEBC1BD1B0DCC0B0040F0E3 /* AmTests.swift */ = {isa = PBXFileReference; lastKnownFileType = sourcecode.swift; path = AmTests.swift; sourceTree = "<group>"; };
		BCEBC1C71B0DCCAA0040F0E3 /* 1.jpg */ = {isa = PBXFileReference; lastKnownFileType = image.jpeg; path = 1.jpg; sourceTree = "<group>"; };
		BCEBC1C81B0DCCAA0040F0E3 /* 2.jpg */ = {isa = PBXFileReference; lastKnownFileType = image.jpeg; path = 2.jpg; sourceTree = "<group>"; };
		BCEBC1C91B0DCCAA0040F0E3 /* 3.jpg */ = {isa = PBXFileReference; lastKnownFileType = image.jpeg; path = 3.jpg; sourceTree = "<group>"; };
		BCEBC1CA1B0DCCAA0040F0E3 /* 4.jpg */ = {isa = PBXFileReference; lastKnownFileType = image.jpeg; path = 4.jpg; sourceTree = "<group>"; };
		BCEBC1CB1B0DCCAA0040F0E3 /* 5.jpg */ = {isa = PBXFileReference; lastKnownFileType = image.jpeg; path = 5.jpg; sourceTree = "<group>"; };
		BCEBC1CC1B0DCCAA0040F0E3 /* 6.jpg */ = {isa = PBXFileReference; lastKnownFileType = image.jpeg; path = 6.jpg; sourceTree = "<group>"; };
		BCEBC1CD1B0DCCAA0040F0E3 /* 7.jpg */ = {isa = PBXFileReference; lastKnownFileType = image.jpeg; path = 7.jpg; sourceTree = "<group>"; };
		BCEBC1CE1B0DCCAA0040F0E3 /* 8.jpg */ = {isa = PBXFileReference; lastKnownFileType = image.jpeg; path = 8.jpg; sourceTree = "<group>"; };
		BCEBC1CF1B0DCCAA0040F0E3 /* AccountCollectionController.swift */ = {isa = PBXFileReference; fileEncoding = 4; lastKnownFileType = sourcecode.swift; path = AccountCollectionController.swift; sourceTree = "<group>"; };
		BCEBC1D01B0DCCAA0040F0E3 /* AccountInfoController.swift */ = {isa = PBXFileReference; fileEncoding = 4; lastKnownFileType = sourcecode.swift; path = AccountInfoController.swift; sourceTree = "<group>"; };
		BCEBC1D11B0DCCAA0040F0E3 /* AccountInfoEditController.swift */ = {isa = PBXFileReference; fileEncoding = 4; lastKnownFileType = sourcecode.swift; path = AccountInfoEditController.swift; sourceTree = "<group>"; };
		BCEBC1D21B0DCCAA0040F0E3 /* AccountLoginViewController.swift */ = {isa = PBXFileReference; fileEncoding = 4; lastKnownFileType = sourcecode.swift; path = AccountLoginViewController.swift; sourceTree = "<group>"; };
		BCEBC1D31B0DCCAA0040F0E3 /* AccountPassEditController.swift */ = {isa = PBXFileReference; fileEncoding = 4; lastKnownFileType = sourcecode.swift; path = AccountPassEditController.swift; sourceTree = "<group>"; };
		BCEBC1D41B0DCCAA0040F0E3 /* AccountRegisterViewController.swift */ = {isa = PBXFileReference; fileEncoding = 4; lastKnownFileType = sourcecode.swift; path = AccountRegisterViewController.swift; sourceTree = "<group>"; };
		BCEBC1D51B0DCCAA0040F0E3 /* AccountViewController.swift */ = {isa = PBXFileReference; fileEncoding = 4; lastKnownFileType = sourcecode.swift; path = AccountViewController.swift; sourceTree = "<group>"; };
		BCEBC1D61B0DCCAA0040F0E3 /* BaseInfo.swift */ = {isa = PBXFileReference; fileEncoding = 4; lastKnownFileType = sourcecode.swift; path = BaseInfo.swift; sourceTree = "<group>"; };
		BCEBC1D71B0DCCAA0040F0E3 /* config.plist */ = {isa = PBXFileReference; fileEncoding = 4; lastKnownFileType = text.plist.xml; path = config.plist; sourceTree = "<group>"; };
		BCEBC1D81B0DCCAA0040F0E3 /* MoreInfoViewController.swift */ = {isa = PBXFileReference; fileEncoding = 4; lastKnownFileType = sourcecode.swift; path = MoreInfoViewController.swift; sourceTree = "<group>"; };
		BCEBC1D91B0DCCAA0040F0E3 /* MoreViewController.swift */ = {isa = PBXFileReference; fileEncoding = 4; lastKnownFileType = sourcecode.swift; path = MoreViewController.swift; sourceTree = "<group>"; };
		BCEBC1DA1B0DCCAA0040F0E3 /* ShopCommentController.swift */ = {isa = PBXFileReference; fileEncoding = 4; lastKnownFileType = sourcecode.swift; path = ShopCommentController.swift; sourceTree = "<group>"; };
		BCEBC1DB1B0DCCAA0040F0E3 /* ShopInfoViewController.swift */ = {isa = PBXFileReference; fileEncoding = 4; lastKnownFileType = sourcecode.swift; path = ShopInfoViewController.swift; sourceTree = "<group>"; };
		BCEBC1DC1B0DCCAA0040F0E3 /* ShopLocalViewController.swift */ = {isa = PBXFileReference; fileEncoding = 4; lastKnownFileType = sourcecode.swift; path = ShopLocalViewController.swift; sourceTree = "<group>"; };
		BCEBC1DD1B0DCCAA0040F0E3 /* ShopViewController.swift */ = {isa = PBXFileReference; fileEncoding = 4; lastKnownFileType = sourcecode.swift; path = ShopViewController.swift; sourceTree = "<group>"; };
		BCEBC1F51B0DD0360040F0E3 /* Alamofire.framework */ = {isa = PBXFileReference; lastKnownFileType = wrapper.framework; name = Alamofire.framework; path = "../Alamofire-master/build/Debug-iphoneos/Alamofire.framework"; sourceTree = "<group>"; };
		BCEBC1F71B0DD0390040F0E3 /* SwiftyJSON.framework */ = {isa = PBXFileReference; lastKnownFileType = wrapper.framework; name = SwiftyJSON.framework; path = "../SwiftyJSON-master/build/Debug-iphoneos/SwiftyJSON.framework"; sourceTree = "<group>"; };
/* End PBXFileReference section */

/* Begin PBXFrameworksBuildPhase section */
		BCEBC19C1B0DCC0B0040F0E3 /* Frameworks */ = {
			isa = PBXFrameworksBuildPhase;
			buildActionMask = 2147483647;
			files = (
				BCE2EACA1B10213E00384F45 /* CoreLocation.framework in Frameworks */,
				BCE4338D1B0F858D0018027E /* SystemConfiguration.framework in Frameworks */,
				BCE4338B1B0F85320018027E /* MapKit.framework in Frameworks */,
				BCEBC1F81B0DD0390040F0E3 /* SwiftyJSON.framework in Frameworks */,
				BCEBC1F61B0DD0360040F0E3 /* Alamofire.framework in Frameworks */,
			);
			runOnlyForDeploymentPostprocessing = 0;
		};
		BCEBC1B41B0DCC0B0040F0E3 /* Frameworks */ = {
			isa = PBXFrameworksBuildPhase;
			buildActionMask = 2147483647;
			files = (
			);
			runOnlyForDeploymentPostprocessing = 0;
		};
/* End PBXFrameworksBuildPhase section */

/* Begin PBXGroup section */
		BCEBC1961B0DCC0B0040F0E3 = {
			isa = PBXGroup;
			children = (
				BCE2EAC91B10213E00384F45 /* CoreLocation.framework */,
				BCE4338C1B0F858D0018027E /* SystemConfiguration.framework */,
				BCE4338A1B0F85320018027E /* MapKit.framework */,
				BCEBC1F71B0DD0390040F0E3 /* SwiftyJSON.framework */,
				BCEBC1F51B0DD0360040F0E3 /* Alamofire.framework */,
				BCEBC1A11B0DCC0B0040F0E3 /* Am */,
				BCEBC1BA1B0DCC0B0040F0E3 /* AmTests */,
				BCEBC1A01B0DCC0B0040F0E3 /* Products */,
			);
			sourceTree = "<group>";
		};
		BCEBC1A01B0DCC0B0040F0E3 /* Products */ = {
			isa = PBXGroup;
			children = (
				BCEBC19F1B0DCC0B0040F0E3 /* Am.app */,
				BCEBC1B71B0DCC0B0040F0E3 /* AmTests.xctest */,
			);
			name = Products;
			sourceTree = "<group>";
		};
		BCEBC1A11B0DCC0B0040F0E3 /* Am */ = {
			isa = PBXGroup;
			children = (
				BCEBC1CF1B0DCCAA0040F0E3 /* AccountCollectionController.swift */,
				BCEBC1D01B0DCCAA0040F0E3 /* AccountInfoController.swift */,
				BCEBC1D11B0DCCAA0040F0E3 /* AccountInfoEditController.swift */,
				BCEBC1D21B0DCCAA0040F0E3 /* AccountLoginViewController.swift */,
				BCEBC1D31B0DCCAA0040F0E3 /* AccountPassEditController.swift */,
				BCEBC1D41B0DCCAA0040F0E3 /* AccountRegisterViewController.swift */,
				BCEBC1D51B0DCCAA0040F0E3 /* AccountViewController.swift */,
				BCEBC1D81B0DCCAA0040F0E3 /* MoreInfoViewController.swift */,
				BCEBC1D91B0DCCAA0040F0E3 /* MoreViewController.swift */,
				BCEBC1DA1B0DCCAA0040F0E3 /* ShopCommentController.swift */,
				BCEBC1DB1B0DCCAA0040F0E3 /* ShopInfoViewController.swift */,
				BCEBC1DC1B0DCCAA0040F0E3 /* ShopLocalViewController.swift */,
				BCE2EACB1B10692200384F45 /* MyAnnotation.swift */,
				BCEBC1DD1B0DCCAA0040F0E3 /* ShopViewController.swift */,
				BCEBC1A41B0DCC0B0040F0E3 /* AppDelegate.swift */,
				BCEBC1A91B0DCC0B0040F0E3 /* ViewController.swift */,
				BCE4338E1B0F867F0018027E /* IJReachability.swift */,
				BCEBC1D61B0DCCAA0040F0E3 /* BaseInfo.swift */,
				BCEBC1AB1B0DCC0B0040F0E3 /* Main.storyboard */,
				BCEBC1AE1B0DCC0B0040F0E3 /* Images.xcassets */,
				BCEBC1A61B0DCC0B0040F0E3 /* Am.xcdatamodeld */,
				BCEBC1A21B0DCC0B0040F0E3 /* Supporting Files */,
			);
			path = Am;
			sourceTree = "<group>";
		};
		BCEBC1A21B0DCC0B0040F0E3 /* Supporting Files */ = {
			isa = PBXGroup;
			children = (
				BCEBC1D71B0DCCAA0040F0E3 /* config.plist */,
				BCEBC1C71B0DCCAA0040F0E3 /* 1.jpg */,
				BCEBC1C81B0DCCAA0040F0E3 /* 2.jpg */,
				BCEBC1C91B0DCCAA0040F0E3 /* 3.jpg */,
				BCEBC1CA1B0DCCAA0040F0E3 /* 4.jpg */,
				BCEBC1CB1B0DCCAA0040F0E3 /* 5.jpg */,
				BCEBC1CC1B0DCCAA0040F0E3 /* 6.jpg */,
				BCEBC1CD1B0DCCAA0040F0E3 /* 7.jpg */,
				BCEBC1CE1B0DCCAA0040F0E3 /* 8.jpg */,
				BCEBC1A31B0DCC0B0040F0E3 /* Info.plist */,
			);
			name = "Supporting Files";
			sourceTree = "<group>";
		};
		BCEBC1BA1B0DCC0B0040F0E3 /* AmTests */ = {
			isa = PBXGroup;
			children = (
				BCEBC1BD1B0DCC0B0040F0E3 /* AmTests.swift */,
				BCEBC1BB1B0DCC0B0040F0E3 /* Supporting Files */,
			);
			path = AmTests;
			sourceTree = "<group>";
		};
		BCEBC1BB1B0DCC0B0040F0E3 /* Supporting Files */ = {
			isa = PBXGroup;
			children = (
				BCEBC1BC1B0DCC0B0040F0E3 /* Info.plist */,
			);
			name = "Supporting Files";
			sourceTree = "<group>";
		};
/* End PBXGroup section */

/* Begin PBXNativeTarget section */
		BCEBC19E1B0DCC0B0040F0E3 /* Am */ = {
			isa = PBXNativeTarget;
			buildConfigurationList = BCEBC1C11B0DCC0B0040F0E3 /* Build configuration list for PBXNativeTarget "Am" */;
			buildPhases = (
				BCEBC19B1B0DCC0B0040F0E3 /* Sources */,
				BCEBC19C1B0DCC0B0040F0E3 /* Frameworks */,
				BCEBC19D1B0DCC0B0040F0E3 /* Resources */,
			);
			buildRules = (
			);
			dependencies = (
			);
			name = Am;
			productName = Am;
			productReference = BCEBC19F1B0DCC0B0040F0E3 /* Am.app */;
			productType = "com.apple.product-type.application";
		};
		BCEBC1B61B0DCC0B0040F0E3 /* AmTests */ = {
			isa = PBXNativeTarget;
			buildConfigurationList = BCEBC1C41B0DCC0B0040F0E3 /* Build configuration list for PBXNativeTarget "AmTests" */;
			buildPhases = (
				BCEBC1B31B0DCC0B0040F0E3 /* Sources */,
				BCEBC1B41B0DCC0B0040F0E3 /* Frameworks */,
				BCEBC1B51B0DCC0B0040F0E3 /* Resources */,
			);
			buildRules = (
			);
			dependencies = (
				BCEBC1B91B0DCC0B0040F0E3 /* PBXTargetDependency */,
			);
			name = AmTests;
			productName = AmTests;
			productReference = BCEBC1B71B0DCC0B0040F0E3 /* AmTests.xctest */;
			productType = "com.apple.product-type.bundle.unit-test";
		};
/* End PBXNativeTarget section */

/* Begin PBXProject section */
		BCEBC1971B0DCC0B0040F0E3 /* Project object */ = {
			isa = PBXProject;
			attributes = {
				LastUpgradeCheck = 0630;
				ORGANIZATIONNAME = LB;
				TargetAttributes = {
					BCEBC19E1B0DCC0B0040F0E3 = {
						CreatedOnToolsVersion = 6.3.2;
					};
					BCEBC1B61B0DCC0B0040F0E3 = {
						CreatedOnToolsVersion = 6.3.2;
						TestTargetID = BCEBC19E1B0DCC0B0040F0E3;
					};
				};
			};
			buildConfigurationList = BCEBC19A1B0DCC0B0040F0E3 /* Build configuration list for PBXProject "Am" */;
			compatibilityVersion = "Xcode 3.2";
			developmentRegion = English;
			hasScannedForEncodings = 0;
			knownRegions = (
				en,
				Base,
			);
			mainGroup = BCEBC1961B0DCC0B0040F0E3;
			productRefGroup = BCEBC1A01B0DCC0B0040F0E3 /* Products */;
			projectDirPath = "";
			projectRoot = "";
			targets = (
				BCEBC19E1B0DCC0B0040F0E3 /* Am */,
				BCEBC1B61B0DCC0B0040F0E3 /* AmTests */,
			);
		};
/* End PBXProject section */

/* Begin PBXResourcesBuildPhase section */
		BCEBC19D1B0DCC0B0040F0E3 /* Resources */ = {
			isa = PBXResourcesBuildPhase;
			buildActionMask = 2147483647;
			files = (
				BCEBC1E51B0DCCAA0040F0E3 /* 8.jpg in Resources */,
				BCEBC1E31B0DCCAA0040F0E3 /* 6.jpg in Resources */,
				BCEBC1AD1B0DCC0B0040F0E3 /* Main.storyboard in Resources */,
				BCEBC1E21B0DCCAA0040F0E3 /* 5.jpg in Resources */,
				BCEBC1E11B0DCCAA0040F0E3 /* 4.jpg in Resources */,
				BCEBC1DE1B0DCCAA0040F0E3 /* 1.jpg in Resources */,
				BCEBC1DF1B0DCCAA0040F0E3 /* 2.jpg in Resources */,
				BCEBC1E01B0DCCAA0040F0E3 /* 3.jpg in Resources */,
				BCEBC1EE1B0DCCAA0040F0E3 /* config.plist in Resources */,
				BCEBC1E41B0DCCAA0040F0E3 /* 7.jpg in Resources */,
				BCEBC1AF1B0DCC0B0040F0E3 /* Images.xcassets in Resources */,
			);
			runOnlyForDeploymentPostprocessing = 0;
		};
		BCEBC1B51B0DCC0B0040F0E3 /* Resources */ = {
			isa = PBXResourcesBuildPhase;
			buildActionMask = 2147483647;
			files = (
			);
			runOnlyForDeploymentPostprocessing = 0;
		};
/* End PBXResourcesBuildPhase section */

/* Begin PBXSourcesBuildPhase section */
		BCEBC19B1B0DCC0B0040F0E3 /* Sources */ = {
			isa = PBXSourcesBuildPhase;
			buildActionMask = 2147483647;
			files = (
				BCEBC1EA1B0DCCAA0040F0E3 /* AccountPassEditController.swift in Sources */,
				BCEBC1F01B0DCCAA0040F0E3 /* MoreViewController.swift in Sources */,
				BCEBC1ED1B0DCCAA0040F0E3 /* BaseInfo.swift in Sources */,
				BCEBC1AA1B0DCC0B0040F0E3 /* ViewController.swift in Sources */,
				BCEBC1F41B0DCCAA0040F0E3 /* ShopViewController.swift in Sources */,
				BCEBC1E81B0DCCAA0040F0E3 /* AccountInfoEditController.swift in Sources */,
				BCEBC1F11B0DCCAA0040F0E3 /* ShopCommentController.swift in Sources */,
				BCEBC1EB1B0DCCAA0040F0E3 /* AccountRegisterViewController.swift in Sources */,
				BCEBC1E71B0DCCAA0040F0E3 /* AccountInfoController.swift in Sources */,
				BCE4338F1B0F867F0018027E /* IJReachability.swift in Sources */,
				BCEBC1A51B0DCC0B0040F0E3 /* AppDelegate.swift in Sources */,
				BCEBC1EC1B0DCCAA0040F0E3 /* AccountViewController.swift in Sources */,
				BCEBC1F21B0DCCAA0040F0E3 /* ShopInfoViewController.swift in Sources */,
				BCEBC1A81B0DCC0B0040F0E3 /* Am.xcdatamodeld in Sources */,
				BCEBC1F31B0DCCAA0040F0E3 /* ShopLocalViewController.swift in Sources */,
				BCE2EACC1B10692200384F45 /* MyAnnotation.swift in Sources */,
				BCEBC1EF1B0DCCAA0040F0E3 /* MoreInfoViewController.swift in Sources */,
				BCEBC1E91B0DCCAA0040F0E3 /* AccountLoginViewController.swift in Sources */,
				BCEBC1E61B0DCCAA0040F0E3 /* AccountCollectionController.swift in Sources */,
			);
			runOnlyForDeploymentPostprocessing = 0;
		};
		BCEBC1B31B0DCC0B0040F0E3 /* Sources */ = {
			isa = PBXSourcesBuildPhase;
			buildActionMask = 2147483647;
			files = (
				BCEBC1BE1B0DCC0B0040F0E3 /* AmTests.swift in Sources */,
			);
			runOnlyForDeploymentPostprocessing = 0;
		};
/* End PBXSourcesBuildPhase section */

/* Begin PBXTargetDependency section */
		BCEBC1B91B0DCC0B0040F0E3 /* PBXTargetDependency */ = {
			isa = PBXTargetDependency;
			target = BCEBC19E1B0DCC0B0040F0E3 /* Am */;
			targetProxy = BCEBC1B81B0DCC0B0040F0E3 /* PBXContainerItemProxy */;
		};
/* End PBXTargetDependency section */

/* Begin PBXVariantGroup section */
		BCEBC1AB1B0DCC0B0040F0E3 /* Main.storyboard */ = {
			isa = PBXVariantGroup;
			children = (
				BCEBC1AC1B0DCC0B0040F0E3 /* Base */,
			);
			name = Main.storyboard;
			sourceTree = "<group>";
		};
/* End PBXVariantGroup section */

/* Begin XCBuildConfiguration section */
		BCEBC1BF1B0DCC0B0040F0E3 /* Debug */ = {
			isa = XCBuildConfiguration;
			buildSettings = {
				ALWAYS_SEARCH_USER_PATHS = NO;
				CLANG_CXX_LANGUAGE_STANDARD = "gnu++0x";
				CLANG_CXX_LIBRARY = "libc++";
				CLANG_ENABLE_MODULES = YES;
				CLANG_ENABLE_OBJC_ARC = YES;
				CLANG_WARN_BOOL_CONVERSION = YES;
				CLANG_WARN_CONSTANT_CONVERSION = YES;
				CLANG_WARN_DIRECT_OBJC_ISA_USAGE = YES_ERROR;
				CLANG_WARN_EMPTY_BODY = YES;
				CLANG_WARN_ENUM_CONVERSION = YES;
				CLANG_WARN_INT_CONVERSION = YES;
				CLANG_WARN_OBJC_ROOT_CLASS = YES_ERROR;
				CLANG_WARN_UNREACHABLE_CODE = YES;
				CLANG_WARN__DUPLICATE_METHOD_MATCH = YES;
				"CODE_SIGN_IDENTITY[sdk=iphoneos*]" = "iPhone Developer";
				COPY_PHASE_STRIP = NO;
				DEBUG_INFORMATION_FORMAT = "dwarf-with-dsym";
				ENABLE_STRICT_OBJC_MSGSEND = YES;
				GCC_C_LANGUAGE_STANDARD = gnu99;
				GCC_DYNAMIC_NO_PIC = NO;
				GCC_NO_COMMON_BLOCKS = YES;
				GCC_OPTIMIZATION_LEVEL = 0;
				GCC_PREPROCESSOR_DEFINITIONS = (
					"DEBUG=1",
					"$(inherited)",
				);
				GCC_SYMBOLS_PRIVATE_EXTERN = NO;
				GCC_WARN_64_TO_32_BIT_CONVERSION = YES;
				GCC_WARN_ABOUT_RETURN_TYPE = YES_ERROR;
				GCC_WARN_UNDECLARED_SELECTOR = YES;
				GCC_WARN_UNINITIALIZED_AUTOS = YES_AGGRESSIVE;
				GCC_WARN_UNUSED_FUNCTION = YES;
				GCC_WARN_UNUSED_VARIABLE = YES;
				IPHONEOS_DEPLOYMENT_TARGET = 8.3;
				MTL_ENABLE_DEBUG_INFO = YES;
				ONLY_ACTIVE_ARCH = YES;
				SDKROOT = iphoneos;
				SWIFT_OPTIMIZATION_LEVEL = "-Onone";
			};
			name = Debug;
		};
		BCEBC1C01B0DCC0B0040F0E3 /* Release */ = {
			isa = XCBuildConfiguration;
			buildSettings = {
				ALWAYS_SEARCH_USER_PATHS = NO;
				CLANG_CXX_LANGUAGE_STANDARD = "gnu++0x";
				CLANG_CXX_LIBRARY = "libc++";
				CLANG_ENABLE_MODULES = YES;
				CLANG_ENABLE_OBJC_ARC = YES;
				CLANG_WARN_BOOL_CONVERSION = YES;
				CLANG_WARN_CONSTANT_CONVERSION = YES;
				CLANG_WARN_DIRECT_OBJC_ISA_USAGE = YES_ERROR;
				CLANG_WARN_EMPTY_BODY = YES;
				CLANG_WARN_ENUM_CONVERSION = YES;
				CLANG_WARN_INT_CONVERSION = YES;
				CLANG_WARN_OBJC_ROOT_CLASS = YES_ERROR;
				CLANG_WARN_UNREACHABLE_CODE = YES;
				CLANG_WARN__DUPLICATE_METHOD_MATCH = YES;
				"CODE_SIGN_IDENTITY[sdk=iphoneos*]" = "iPhone Developer";
				COPY_PHASE_STRIP = NO;
				DEBUG_INFORMATION_FORMAT = "dwarf-with-dsym";
				ENABLE_NS_ASSERTIONS = NO;
				ENABLE_STRICT_OBJC_MSGSEND = YES;
				GCC_C_LANGUAGE_STANDARD = gnu99;
				GCC_NO_COMMON_BLOCKS = YES;
				GCC_WARN_64_TO_32_BIT_CONVERSION = YES;
				GCC_WARN_ABOUT_RETURN_TYPE = YES_ERROR;
				GCC_WARN_UNDECLARED_SELECTOR = YES;
				GCC_WARN_UNINITIALIZED_AUTOS = YES_AGGRESSIVE;
				GCC_WARN_UNUSED_FUNCTION = YES;
				GCC_WARN_UNUSED_VARIABLE = YES;
				IPHONEOS_DEPLOYMENT_TARGET = 8.3;
				MTL_ENABLE_DEBUG_INFO = NO;
				SDKROOT = iphoneos;
				VALIDATE_PRODUCT = YES;
			};
			name = Release;
		};
		BCEBC1C21B0DCC0B0040F0E3 /* Debug */ = {
			isa = XCBuildConfiguration;
			buildSettings = {
				ASSETCATALOG_COMPILER_APPICON_NAME = AppIcon;
				FRAMEWORK_SEARCH_PATHS = (
					"$(inherited)",
					"/Users/daiqile/Desktop/Lbu/Alamofire-master/build/Debug-iphoneos",
					"/Users/daiqile/Desktop/Lbu/SwiftyJSON-master/build/Debug-iphoneos",
				);
				INFOPLIST_FILE = Am/Info.plist;
				LD_RUNPATH_SEARCH_PATHS = "$(inherited) @executable_path/Frameworks";
				PRODUCT_NAME = "$(TARGET_NAME)";
			};
			name = Debug;
		};
		BCEBC1C31B0DCC0B0040F0E3 /* Release */ = {
			isa = XCBuildConfiguration;
			buildSettings = {
				ASSETCATALOG_COMPILER_APPICON_NAME = AppIcon;
				FRAMEWORK_SEARCH_PATHS = (
					"$(inherited)",
					"/Users/daiqile/Desktop/Lbu/Alamofire-master/build/Debug-iphoneos",
					"/Users/daiqile/Desktop/Lbu/SwiftyJSON-master/build/Debug-iphoneos",
				);
				INFOPLIST_FILE = Am/Info.plist;
				LD_RUNPATH_SEARCH_PATHS = "$(inherited) @executable_path/Frameworks";
				PRODUCT_NAME = "$(TARGET_NAME)";
			};
			name = Release;
		};
		BCEBC1C51B0DCC0B0040F0E3 /* Debug */ = {
			isa = XCBuildConfiguration;
			buildSettings = {
				BUNDLE_LOADER = "$(TEST_HOST)";
				FRAMEWORK_SEARCH_PATHS = (
					"$(SDKROOT)/Developer/Library/Frameworks",
					"$(inherited)",
				);
				GCC_PREPROCESSOR_DEFINITIONS = (
					"DEBUG=1",
					"$(inherited)",
				);
				INFOPLIST_FILE = AmTests/Info.plist;
				LD_RUNPATH_SEARCH_PATHS = "$(inherited) @executable_path/Frameworks @loader_path/Frameworks";
				PRODUCT_NAME = "$(TARGET_NAME)";
				TEST_HOST = "$(BUILT_PRODUCTS_DIR)/Am.app/Am";
			};
			name = Debug;
		};
		BCEBC1C61B0DCC0B0040F0E3 /* Release */ = {
			isa = XCBuildConfiguration;
			buildSettings = {
				BUNDLE_LOADER = "$(TEST_HOST)";
				FRAMEWORK_SEARCH_PATHS = (
					"$(SDKROOT)/Developer/Library/Frameworks",
					"$(inherited)",
				);
				INFOPLIST_FILE = AmTests/Info.plist;
				LD_RUNPATH_SEARCH_PATHS = "$(inherited) @executable_path/Frameworks @loader_path/Frameworks";
				PRODUCT_NAME = "$(TARGET_NAME)";
				TEST_HOST = "$(BUILT_PRODUCTS_DIR)/Am.app/Am";
			};
			name = Release;
		};
/* End XCBuildConfiguration section */

/* Begin XCConfigurationList section */
		BCEBC19A1B0DCC0B0040F0E3 /* Build configuration list for PBXProject "Am" */ = {
			isa = XCConfigurationList;
			buildConfigurations = (
				BCEBC1BF1B0DCC0B0040F0E3 /* Debug */,
				BCEBC1C01B0DCC0B0040F0E3 /* Release */,
			);
			defaultConfigurationIsVisible = 0;
			defaultConfigurationName = Release;
		};
		BCEBC1C11B0DCC0B0040F0E3 /* Build configuration list for PBXNativeTarget "Am" */ = {
			isa = XCConfigurationList;
			buildConfigurations = (
				BCEBC1C21B0DCC0B0040F0E3 /* Debug */,
				BCEBC1C31B0DCC0B0040F0E3 /* Release */,
			);
			defaultConfigurationIsVisible = 0;
			defaultConfigurationName = Release;
		};
		BCEBC1C41B0DCC0B0040F0E3 /* Build configuration list for PBXNativeTarget "AmTests" */ = {
			isa = XCConfigurationList;
			buildConfigurations = (
				BCEBC1C51B0DCC0B0040F0E3 /* Debug */,
				BCEBC1C61B0DCC0B0040F0E3 /* Release */,
			);
			defaultConfigurationIsVisible = 0;
			defaultConfigurationName = Release;
		};
/* End XCConfigurationList section */

/* Begin XCVersionGroup section */
		BCEBC1A61B0DCC0B0040F0E3 /* Am.xcdatamodeld */ = {
			isa = XCVersionGroup;
			children = (
				BCEBC1A71B0DCC0B0040F0E3 /* Am.xcdatamodel */,
			);
			currentVersion = BCEBC1A71B0DCC0B0040F0E3 /* Am.xcdatamodel */;
			path = Am.xcdatamodeld;
			sourceTree = "<group>";
			versionGroupType = wrapper.xcdatamodel;
		};
/* End XCVersionGroup section */
	};
	rootObject = BCEBC1971B0DCC0B0040F0E3 /* Project object */;
}
